
Microsoft Visual Studio Solution File, Format Version 12.00
# Visual Studio Version 17
VisualStudioVersion = 17.14.36301.6 d17.14
MinimumVisualStudioVersion = 10.0.40219.1
Project("{FAE04EC0-301F-11D3-BF4B-00C04F79EFBC}") = "oop_fundamentals", "oop_fundamentals\oop_fundamentals.csproj", "{3521258B-0B0C-449F-98B5-DFECE8956566}"
EndProject
Global
	GlobalSection(SolutionConfigurationPlatforms) = preSolution
		Debug|Any CPU = Debug|Any CPU
		Release|Any CPU = Release|Any CPU
	EndGlobalSection
	GlobalSection(ProjectConfigurationPlatforms) = postSolution
		{3521258B-0B0C-449F-98B5-DFECE8956566}.Debug|Any CPU.ActiveCfg = Debug|Any CPU
		{3521258B-0B0C-449F-98B5-DFECE8956566}.Debug|Any CPU.Build.0 = Debug|Any CPU
		{3521258B-0B0C-449F-98B5-DFECE8956566}.Release|Any CPU.ActiveCfg = Release|Any CPU
		{3521258B-0B0C-449F-98B5-DFECE8956566}.Release|Any CPU.Build.0 = Release|Any CPU
	EndGlobalSection
	GlobalSection(SolutionProperties) = preSolution
		HideSolutionNode = FALSE
	EndGlobalSection
	GlobalSection(ExtensibilityGlobals) = postSolution
		SolutionGuid = {D5401B02-0702-4E19-A3EC-5D787E69E321}
	EndGlobalSection
EndGlobal
