
Microsoft Visual Studio Solution File, Format Version 12.00
# Visual Studio Version 17
VisualStudioVersion = 17.14.36203.30 d17.14
MinimumVisualStudioVersion = 10.0.40219.1
Project("{FAE04EC0-301F-11D3-BF4B-00C04F79EFBC}") = "GC_basic", "GC_basic.csproj", "{3DED65DC-8B59-4A32-8E15-F770F276BBD8}"
EndProject
Global
	GlobalSection(SolutionConfigurationPlatforms) = preSolution
		Debug|Any CPU = Debug|Any CPU
		Release|Any CPU = Release|Any CPU
	EndGlobalSection
	GlobalSection(ProjectConfigurationPlatforms) = postSolution
		{3DED65DC-8B59-4A32-8E15-F770F276BBD8}.Debug|Any CPU.ActiveCfg = Debug|Any CPU
		{3DED65DC-8B59-4A32-8E15-F770F276BBD8}.Debug|Any CPU.Build.0 = Debug|Any CPU
		{3DED65DC-8B59-4A32-8E15-F770F276BBD8}.Release|Any CPU.ActiveCfg = Release|Any CPU
		{3DED65DC-8B59-4A32-8E15-F770F276BBD8}.Release|Any CPU.Build.0 = Release|Any CPU
	EndGlobalSection
	GlobalSection(SolutionProperties) = preSolution
		HideSolutionNode = FALSE
	EndGlobalSection
	GlobalSection(ExtensibilityGlobals) = postSolution
		SolutionGuid = {FBEE6831-39A4-4868-95E8-10E103FC7A52}
	EndGlobalSection
EndGlobal
